
Microsoft Visual Studio Solution File, Format Version 12.00
# Visual Studio Version 17
VisualStudioVersion = 17.3.32929.385
MinimumVisualStudioVersion = 10.0.40219.1
Project("{FAE04EC0-301F-11D3-BF4B-00C04F79EFBC}") = "Simulate Stopwatch Program", "Simulate Stopwatch Program\Simulate Stopwatch Program.csproj", "{A5017308-7693-454E-B440-0D966EFF35DF}"
EndProject
Global
	GlobalSection(SolutionConfigurationPlatforms) = preSolution
		Debug|Any CPU = Debug|Any CPU
		Release|Any CPU = Release|Any CPU
	EndGlobalSection
	GlobalSection(ProjectConfigurationPlatforms) = postSolution
		{A5017308-7693-454E-B440-0D966EFF35DF}.Debug|Any CPU.ActiveCfg = Debug|Any CPU
		{A5017308-7693-454E-B440-0D966EFF35DF}.Debug|Any CPU.Build.0 = Debug|Any CPU
		{A5017308-7693-454E-B440-0D966EFF35DF}.Release|Any CPU.ActiveCfg = Release|Any CPU
		{A5017308-7693-454E-B440-0D966EFF35DF}.Release|Any CPU.Build.0 = Release|Any CPU
	EndGlobalSection
	GlobalSection(SolutionProperties) = preSolution
		HideSolutionNode = FALSE
	EndGlobalSection
	GlobalSection(ExtensibilityGlobals) = postSolution
		SolutionGuid = {18D020D3-C1BF-4D4C-92C2-9DA913817BE0}
	EndGlobalSection
EndGlobal
